
Microsoft Visual Studio Solution File, Format Version 12.00
# Visual Studio Version 16
VisualStudioVersion = 16.0.29709.97
MinimumVisualStudioVersion = 10.0.40219.1
Project("{FAE04EC0-301F-11D3-BF4B-00C04F79EFBC}") = "SignUp", "SignUp\SignUp.csproj", "{AD33C46A-0368-445C-AC51-17679EE259F6}"
EndProject
Global
	GlobalSection(SolutionConfigurationPlatforms) = preSolution
		Debug|Any CPU = Debug|Any CPU
		Release|Any CPU = Release|Any CPU
	EndGlobalSection
	GlobalSection(ProjectConfigurationPlatforms) = postSolution
		{AD33C46A-0368-445C-AC51-17679EE259F6}.Debug|Any CPU.ActiveCfg = Debug|Any CPU
		{AD33C46A-0368-445C-AC51-17679EE259F6}.Debug|Any CPU.Build.0 = Debug|Any CPU
		{AD33C46A-0368-445C-AC51-17679EE259F6}.Release|Any CPU.ActiveCfg = Release|Any CPU
		{AD33C46A-0368-445C-AC51-17679EE259F6}.Release|Any CPU.Build.0 = Release|Any CPU
	EndGlobalSection
	GlobalSection(SolutionProperties) = preSolution
		HideSolutionNode = FALSE
	EndGlobalSection
	GlobalSection(ExtensibilityGlobals) = postSolution
		SolutionGuid = {8365D570-4CB8-4A38-8A0E-74F0B13885BF}
	EndGlobalSection
EndGlobal
